
Microsoft Visual Studio Solution File, Format Version 12.00
# Visual Studio Version 17
VisualStudioVersion = 17.3.32901.215
MinimumVisualStudioVersion = 10.0.40219.1
Project("{FAE04EC0-301F-11D3-BF4B-00C04F79EFBC}") = "Pr13.5", "Pr13.5\Pr13.5.csproj", "{3CBD9238-829A-4179-B4A3-C749F99679AA}"
EndProject
Global
	GlobalSection(SolutionConfigurationPlatforms) = preSolution
		Debug|Any CPU = Debug|Any CPU
		Release|Any CPU = Release|Any CPU
	EndGlobalSection
	GlobalSection(ProjectConfigurationPlatforms) = postSolution
		{3CBD9238-829A-4179-B4A3-C749F99679AA}.Debug|Any CPU.ActiveCfg = Debug|Any CPU
		{3CBD9238-829A-4179-B4A3-C749F99679AA}.Debug|Any CPU.Build.0 = Debug|Any CPU
		{3CBD9238-829A-4179-B4A3-C749F99679AA}.Release|Any CPU.ActiveCfg = Release|Any CPU
		{3CBD9238-829A-4179-B4A3-C749F99679AA}.Release|Any CPU.Build.0 = Release|Any CPU
	EndGlobalSection
	GlobalSection(SolutionProperties) = preSolution
		HideSolutionNode = FALSE
	EndGlobalSection
	GlobalSection(ExtensibilityGlobals) = postSolution
		SolutionGuid = {D847B823-1CB4-43EA-BED0-E53099FABACC}
	EndGlobalSection
EndGlobal
